
Microsoft Visual Studio Solution File, Format Version 12.00
# Visual Studio 15
VisualStudioVersion = 15.0.28307.1022
MinimumVisualStudioVersion = 10.0.40219.1
Project("{FAE04EC0-301F-11D3-BF4B-00C04F79EFBC}") = "isp_lab7", "isp_lab7\isp_lab7.csproj", "{CA98A9B4-A37F-4047-9AA4-3079096F7615}"
EndProject
Global
	GlobalSection(SolutionConfigurationPlatforms) = preSolution
		Debug|Any CPU = Debug|Any CPU
		Release|Any CPU = Release|Any CPU
	EndGlobalSection
	GlobalSection(ProjectConfigurationPlatforms) = postSolution
		{CA98A9B4-A37F-4047-9AA4-3079096F7615}.Debug|Any CPU.ActiveCfg = Debug|Any CPU
		{CA98A9B4-A37F-4047-9AA4-3079096F7615}.Debug|Any CPU.Build.0 = Debug|Any CPU
		{CA98A9B4-A37F-4047-9AA4-3079096F7615}.Release|Any CPU.ActiveCfg = Release|Any CPU
		{CA98A9B4-A37F-4047-9AA4-3079096F7615}.Release|Any CPU.Build.0 = Release|Any CPU
	EndGlobalSection
	GlobalSection(SolutionProperties) = preSolution
		HideSolutionNode = FALSE
	EndGlobalSection
	GlobalSection(ExtensibilityGlobals) = postSolution
		SolutionGuid = {830CA767-0630-4605-AE13-838F69817182}
	EndGlobalSection
EndGlobal
